
Microsoft Visual Studio Solution File, Format Version 12.00
# Visual Studio 14
VisualStudioVersion = 14.0.25420.1
MinimumVisualStudioVersion = 10.0.40219.1
Project("{FAE04EC0-301F-11D3-BF4B-00C04F79EFBC}") = "WindowsFormsApplication3", "WindowsFormsApplication3\WindowsFormsApplication3.csproj", "{9EEA78E0-FE2C-4BEE-A458-37DCCC839E4D}"
EndProject
Project("{2150E333-8FDC-42A3-9474-1A3956D46DE8}") = "Solution Items", "Solution Items", "{A9422470-6931-4C8D-999F-23E99E6AF5E8}"
	ProjectSection(SolutionItems) = preProject
		Class1.cs = Class1.cs
	EndProjectSection
EndProject
Global
	GlobalSection(SolutionConfigurationPlatforms) = preSolution
		Debug|Any CPU = Debug|Any CPU
		Release|Any CPU = Release|Any CPU
	EndGlobalSection
	GlobalSection(ProjectConfigurationPlatforms) = postSolution
		{9EEA78E0-FE2C-4BEE-A458-37DCCC839E4D}.Debug|Any CPU.ActiveCfg = Debug|Any CPU
		{9EEA78E0-FE2C-4BEE-A458-37DCCC839E4D}.Debug|Any CPU.Build.0 = Debug|Any CPU
		{9EEA78E0-FE2C-4BEE-A458-37DCCC839E4D}.Release|Any CPU.ActiveCfg = Release|Any CPU
		{9EEA78E0-FE2C-4BEE-A458-37DCCC839E4D}.Release|Any CPU.Build.0 = Release|Any CPU
	EndGlobalSection
	GlobalSection(SolutionProperties) = preSolution
		HideSolutionNode = FALSE
	EndGlobalSection
EndGlobal
